// !$*UTF8*$!
{
	archiveVersion = 1;
	classes = {
	};
	objectVersion = 50;
	objects = {

/* Begin PBXBuildFile section */
		56189EF8215DBC980058A37C /* ConfirmViewController.swift in Sources */ = {isa = PBXBuildFile; fileRef = 56189EF7215DBC980058A37C /* ConfirmViewController.swift */; };
		56189EF9215DBD500058A37C /* ConfirmViewController.swift in Sources */ = {isa = PBXBuildFile; fileRef = 56189EF7215DBC980058A37C /* ConfirmViewController.swift */; };
		56189EFC215DBDD00058A37C /* empty23.c in Sources */ = {isa = PBXBuildFile; fileRef = 56189EFB215DBDD00058A37C /* empty23.c */; };
		563FCC97215CFCE900EEA986 /* Intents.intentdefinition in Sources */ = {isa = PBXBuildFile; fileRef = 563FCC96215CFCE900EEA986 /* Intents.intentdefinition */; };
		563FCCB1215CFD4A00EEA986 /* IntentProgressCenter.swift in Sources */ = {isa = PBXBuildFile; fileRef = 563FCCB0215CFD4A00EEA986 /* IntentProgressCenter.swift */; };
		563FCCBA215CFDCF00EEA986 /* IntentHandler.swift in Sources */ = {isa = PBXBuildFile; fileRef = 563FCCB9215CFDCF00EEA986 /* IntentHandler.swift */; };
		563FCCC1215CFDCF00EEA986 /* IntentsUI.framework in Frameworks */ = {isa = PBXBuildFile; fileRef = 5654F3A4215CF12B002B2651 /* IntentsUI.framework */; };
		563FCCC4215CFDCF00EEA986 /* IntentViewController.swift in Sources */ = {isa = PBXBuildFile; fileRef = 563FCCC3215CFDCF00EEA986 /* IntentViewController.swift */; };
		563FCCC7215CFDCF00EEA986 /* MainInterface.storyboard in Resources */ = {isa = PBXBuildFile; fileRef = 563FCCC5215CFDCF00EEA986 /* MainInterface.storyboard */; };
		563FCCCB215CFDCF00EEA986 /* TestIntentssssUI.appex in Embed App Extensions */ = {isa = PBXBuildFile; fileRef = 563FCCC0215CFDCF00EEA986 /* TestIntentssssUI.appex */; settings = {ATTRIBUTES = (RemoveHeadersOnCopy, ); }; };
		563FCCCE215CFDCF00EEA986 /* TestIntentssss.appex in Embed App Extensions */ = {isa = PBXBuildFile; fileRef = 563FCCB7215CFDCF00EEA986 /* TestIntentssss.appex */; settings = {ATTRIBUTES = (RemoveHeadersOnCopy, ); }; };
		563FCCDC215CFE1500EEA986 /* IntentProgressCenter.swift in Sources */ = {isa = PBXBuildFile; fileRef = 563FCCB0215CFD4A00EEA986 /* IntentProgressCenter.swift */; };
		563FCCDE215CFE5800EEA986 /* TestIntentHandle.swift in Sources */ = {isa = PBXBuildFile; fileRef = 563FCCDD215CFE5800EEA986 /* TestIntentHandle.swift */; };
		563FCCDF215CFE9A00EEA986 /* Intents.intentdefinition in Sources */ = {isa = PBXBuildFile; fileRef = 563FCC96215CFCE900EEA986 /* Intents.intentdefinition */; };
		5654F382215CF11B002B2651 /* AppDelegate.swift in Sources */ = {isa = PBXBuildFile; fileRef = 5654F381215CF11B002B2651 /* AppDelegate.swift */; };
		5654F384215CF11B002B2651 /* ViewController.swift in Sources */ = {isa = PBXBuildFile; fileRef = 5654F383215CF11B002B2651 /* ViewController.swift */; };
		5654F387215CF11B002B2651 /* Main.storyboard in Resources */ = {isa = PBXBuildFile; fileRef = 5654F385215CF11B002B2651 /* Main.storyboard */; };
		5654F389215CF11B002B2651 /* Assets.xcassets in Resources */ = {isa = PBXBuildFile; fileRef = 5654F388215CF11B002B2651 /* Assets.xcassets */; };
		5654F38C215CF11B002B2651 /* LaunchScreen.storyboard in Resources */ = {isa = PBXBuildFile; fileRef = 5654F38A215CF11B002B2651 /* LaunchScreen.storyboard */; };
		5654F397215CF11B002B2651 /* maidongxiTests.swift in Sources */ = {isa = PBXBuildFile; fileRef = 5654F396215CF11B002B2651 /* maidongxiTests.swift */; };
		5654F3A5215CF12B002B2651 /* Intents.framework in Frameworks */ = {isa = PBXBuildFile; fileRef = 5654F3A3215CF12B002B2651 /* Intents.framework */; };
		5654F3A6215CF12B002B2651 /* IntentsUI.framework in Frameworks */ = {isa = PBXBuildFile; fileRef = 5654F3A4215CF12B002B2651 /* IntentsUI.framework */; };
/* End PBXBuildFile section */

/* Begin PBXContainerItemProxy section */
		563FCCC9215CFDCF00EEA986 /* PBXContainerItemProxy */ = {
			isa = PBXContainerItemProxy;
			containerPortal = 5654F376215CF11A002B2651 /* Project object */;
			proxyType = 1;
			remoteGlobalIDString = 563FCCBF215CFDCF00EEA986;
			remoteInfo = TestIntentssssUI;
		};
		563FCCCC215CFDCF00EEA986 /* PBXContainerItemProxy */ = {
			isa = PBXContainerItemProxy;
			containerPortal = 5654F376215CF11A002B2651 /* Project object */;
			proxyType = 1;
			remoteGlobalIDString = 563FCCB6215CFDCF00EEA986;
			remoteInfo = TestIntentssss;
		};
		5654F393215CF11B002B2651 /* PBXContainerItemProxy */ = {
			isa = PBXContainerItemProxy;
			containerPortal = 5654F376215CF11A002B2651 /* Project object */;
			proxyType = 1;
			remoteGlobalIDString = 5654F37D215CF11A002B2651;
			remoteInfo = maidongxi;
		};
/* End PBXContainerItemProxy section */

/* Begin PBXCopyFilesBuildPhase section */
		563FCCAB215CFD2000EEA986 /* Embed App Extensions */ = {
			isa = PBXCopyFilesBuildPhase;
			buildActionMask = 2147483647;
			dstPath = "";
			dstSubfolderSpec = 13;
			files = (
				563FCCCB215CFDCF00EEA986 /* TestIntentssssUI.appex in Embed App Extensions */,
				563FCCCE215CFDCF00EEA986 /* TestIntentssss.appex in Embed App Extensions */,
			);
			name = "Embed App Extensions";
			runOnlyForDeploymentPostprocessing = 0;
		};
/* End PBXCopyFilesBuildPhase section */

/* Begin PBXFileReference section */
		56189EF7215DBC980058A37C /* ConfirmViewController.swift */ = {isa = PBXFileReference; lastKnownFileType = sourcecode.swift; path = ConfirmViewController.swift; sourceTree = "<group>"; };
		56189EFA215DBDCF0058A37C /* maidongxi-Bridging-Header.h */ = {isa = PBXFileReference; lastKnownFileType = sourcecode.c.h; path = "maidongxi-Bridging-Header.h"; sourceTree = "<group>"; };
		56189EFB215DBDD00058A37C /* empty23.c */ = {isa = PBXFileReference; lastKnownFileType = sourcecode.c.c; path = empty23.c; sourceTree = "<group>"; };
		563FCC96215CFCE900EEA986 /* Intents.intentdefinition */ = {isa = PBXFileReference; lastKnownFileType = file.intentdefinition; path = Intents.intentdefinition; sourceTree = "<group>"; };
		563FCCB0215CFD4A00EEA986 /* IntentProgressCenter.swift */ = {isa = PBXFileReference; lastKnownFileType = sourcecode.swift; path = IntentProgressCenter.swift; sourceTree = "<group>"; };
		563FCCB7215CFDCF00EEA986 /* TestIntentssss.appex */ = {isa = PBXFileReference; explicitFileType = "wrapper.app-extension"; includeInIndex = 0; path = TestIntentssss.appex; sourceTree = BUILT_PRODUCTS_DIR; };
		563FCCB9215CFDCF00EEA986 /* IntentHandler.swift */ = {isa = PBXFileReference; lastKnownFileType = sourcecode.swift; path = IntentHandler.swift; sourceTree = "<group>"; };
		563FCCBB215CFDCF00EEA986 /* Info.plist */ = {isa = PBXFileReference; lastKnownFileType = text.plist.xml; path = Info.plist; sourceTree = "<group>"; };
		563FCCC0215CFDCF00EEA986 /* TestIntentssssUI.appex */ = {isa = PBXFileReference; explicitFileType = "wrapper.app-extension"; includeInIndex = 0; path = TestIntentssssUI.appex; sourceTree = BUILT_PRODUCTS_DIR; };
		563FCCC3215CFDCF00EEA986 /* IntentViewController.swift */ = {isa = PBXFileReference; lastKnownFileType = sourcecode.swift; path = IntentViewController.swift; sourceTree = "<group>"; };
		563FCCC6215CFDCF00EEA986 /* Base */ = {isa = PBXFileReference; lastKnownFileType = file.storyboard; name = Base; path = Base.lproj/MainInterface.storyboard; sourceTree = "<group>"; };
		563FCCC8215CFDCF00EEA986 /* Info.plist */ = {isa = PBXFileReference; lastKnownFileType = text.plist.xml; path = Info.plist; sourceTree = "<group>"; };
		563FCCD5215CFDF200EEA986 /* TestIntentssss-Bridging-Header.h */ = {isa = PBXFileReference; lastKnownFileType = sourcecode.c.h; path = "TestIntentssss-Bridging-Header.h"; sourceTree = "<group>"; };
		563FCCD9215CFE0300EEA986 /* TestIntentssssUI-Bridging-Header.h */ = {isa = PBXFileReference; lastKnownFileType = sourcecode.c.h; path = "TestIntentssssUI-Bridging-Header.h"; sourceTree = "<group>"; };
		563FCCDD215CFE5800EEA986 /* TestIntentHandle.swift */ = {isa = PBXFileReference; lastKnownFileType = sourcecode.swift; path = TestIntentHandle.swift; sourceTree = "<group>"; };
		5654F37E215CF11A002B2651 /* maidongxi.app */ = {isa = PBXFileReference; explicitFileType = wrapper.application; includeInIndex = 0; path = maidongxi.app; sourceTree = BUILT_PRODUCTS_DIR; };
		5654F381215CF11B002B2651 /* AppDelegate.swift */ = {isa = PBXFileReference; lastKnownFileType = sourcecode.swift; path = AppDelegate.swift; sourceTree = "<group>"; };
		5654F383215CF11B002B2651 /* ViewController.swift */ = {isa = PBXFileReference; lastKnownFileType = sourcecode.swift; path = ViewController.swift; sourceTree = "<group>"; };
		5654F386215CF11B002B2651 /* Base */ = {isa = PBXFileReference; lastKnownFileType = file.storyboard; name = Base; path = Base.lproj/Main.storyboard; sourceTree = "<group>"; };
		5654F388215CF11B002B2651 /* Assets.xcassets */ = {isa = PBXFileReference; lastKnownFileType = folder.assetcatalog; path = Assets.xcassets; sourceTree = "<group>"; };
		5654F38B215CF11B002B2651 /* Base */ = {isa = PBXFileReference; lastKnownFileType = file.storyboard; name = Base; path = Base.lproj/LaunchScreen.storyboard; sourceTree = "<group>"; };
		5654F38D215CF11B002B2651 /* Info.plist */ = {isa = PBXFileReference; lastKnownFileType = text.plist.xml; path = Info.plist; sourceTree = "<group>"; };
		5654F392215CF11B002B2651 /* maidongxiTests.xctest */ = {isa = PBXFileReference; explicitFileType = wrapper.cfbundle; includeInIndex = 0; path = maidongxiTests.xctest; sourceTree = BUILT_PRODUCTS_DIR; };
		5654F396215CF11B002B2651 /* maidongxiTests.swift */ = {isa = PBXFileReference; lastKnownFileType = sourcecode.swift; path = maidongxiTests.swift; sourceTree = "<group>"; };
		5654F398215CF11B002B2651 /* Info.plist */ = {isa = PBXFileReference; lastKnownFileType = text.plist.xml; path = Info.plist; sourceTree = "<group>"; };
		5654F3A1215CF122002B2651 /* maidongxi.entitlements */ = {isa = PBXFileReference; lastKnownFileType = text.plist.entitlements; path = maidongxi.entitlements; sourceTree = "<group>"; };
		5654F3A3215CF12B002B2651 /* Intents.framework */ = {isa = PBXFileReference; lastKnownFileType = wrapper.framework; name = Intents.framework; path = System/Library/Frameworks/Intents.framework; sourceTree = SDKROOT; };
		5654F3A4215CF12B002B2651 /* IntentsUI.framework */ = {isa = PBXFileReference; lastKnownFileType = wrapper.framework; name = IntentsUI.framework; path = System/Library/Frameworks/IntentsUI.framework; sourceTree = SDKROOT; };
/* End PBXFileReference section */

/* Begin PBXFrameworksBuildPhase section */
		563FCCB4215CFDCF00EEA986 /* Frameworks */ = {
			isa = PBXFrameworksBuildPhase;
			buildActionMask = 2147483647;
			files = (
			);
			runOnlyForDeploymentPostprocessing = 0;
		};
		563FCCBD215CFDCF00EEA986 /* Frameworks */ = {
			isa = PBXFrameworksBuildPhase;
			buildActionMask = 2147483647;
			files = (
				563FCCC1215CFDCF00EEA986 /* IntentsUI.framework in Frameworks */,
			);
			runOnlyForDeploymentPostprocessing = 0;
		};
		5654F37B215CF11A002B2651 /* Frameworks */ = {
			isa = PBXFrameworksBuildPhase;
			buildActionMask = 2147483647;
			files = (
				5654F3A5215CF12B002B2651 /* Intents.framework in Frameworks */,
				5654F3A6215CF12B002B2651 /* IntentsUI.framework in Frameworks */,
			);
			runOnlyForDeploymentPostprocessing = 0;
		};
		5654F38F215CF11B002B2651 /* Frameworks */ = {
			isa = PBXFrameworksBuildPhase;
			buildActionMask = 2147483647;
			files = (
			);
			runOnlyForDeploymentPostprocessing = 0;
		};
/* End PBXFrameworksBuildPhase section */

/* Begin PBXGroup section */
		563FCCB8215CFDCF00EEA986 /* TestIntentssss */ = {
			isa = PBXGroup;
			children = (
				563FCCB9215CFDCF00EEA986 /* IntentHandler.swift */,
				563FCCDD215CFE5800EEA986 /* TestIntentHandle.swift */,
				563FCCBB215CFDCF00EEA986 /* Info.plist */,
				563FCCD5215CFDF200EEA986 /* TestIntentssss-Bridging-Header.h */,
			);
			path = TestIntentssss;
			sourceTree = "<group>";
		};
		563FCCC2215CFDCF00EEA986 /* TestIntentssssUI */ = {
			isa = PBXGroup;
			children = (
				563FCCC3215CFDCF00EEA986 /* IntentViewController.swift */,
				563FCCC5215CFDCF00EEA986 /* MainInterface.storyboard */,
				563FCCC8215CFDCF00EEA986 /* Info.plist */,
				563FCCD9215CFE0300EEA986 /* TestIntentssssUI-Bridging-Header.h */,
			);
			path = TestIntentssssUI;
			sourceTree = "<group>";
		};
		5654F375215CF11A002B2651 = {
			isa = PBXGroup;
			children = (
				563FCC96215CFCE900EEA986 /* Intents.intentdefinition */,
				5654F380215CF11A002B2651 /* maidongxi */,
				5654F395215CF11B002B2651 /* maidongxiTests */,
				563FCCB8215CFDCF00EEA986 /* TestIntentssss */,
				563FCCC2215CFDCF00EEA986 /* TestIntentssssUI */,
				5654F37F215CF11A002B2651 /* Products */,
				5654F3A2215CF12B002B2651 /* Frameworks */,
			);
			sourceTree = "<group>";
		};
		5654F37F215CF11A002B2651 /* Products */ = {
			isa = PBXGroup;
			children = (
				5654F37E215CF11A002B2651 /* maidongxi.app */,
				5654F392215CF11B002B2651 /* maidongxiTests.xctest */,
				563FCCB7215CFDCF00EEA986 /* TestIntentssss.appex */,
				563FCCC0215CFDCF00EEA986 /* TestIntentssssUI.appex */,
			);
			name = Products;
			sourceTree = "<group>";
		};
		5654F380215CF11A002B2651 /* maidongxi */ = {
			isa = PBXGroup;
			children = (
				5654F3A1215CF122002B2651 /* maidongxi.entitlements */,
				5654F381215CF11B002B2651 /* AppDelegate.swift */,
				5654F383215CF11B002B2651 /* ViewController.swift */,
				563FCCB0215CFD4A00EEA986 /* IntentProgressCenter.swift */,
				5654F385215CF11B002B2651 /* Main.storyboard */,
				5654F388215CF11B002B2651 /* Assets.xcassets */,
				5654F38A215CF11B002B2651 /* LaunchScreen.storyboard */,
				5654F38D215CF11B002B2651 /* Info.plist */,
				56189EF7215DBC980058A37C /* ConfirmViewController.swift */,
				56189EFB215DBDD00058A37C /* empty23.c */,
				56189EFA215DBDCF0058A37C /* maidongxi-Bridging-Header.h */,
			);
			path = maidongxi;
			sourceTree = "<group>";
		};
		5654F395215CF11B002B2651 /* maidongxiTests */ = {
			isa = PBXGroup;
			children = (
				5654F396215CF11B002B2651 /* maidongxiTests.swift */,
				5654F398215CF11B002B2651 /* Info.plist */,
			);
			path = maidongxiTests;
			sourceTree = "<group>";
		};
		5654F3A2215CF12B002B2651 /* Frameworks */ = {
			isa = PBXGroup;
			children = (
				5654F3A3215CF12B002B2651 /* Intents.framework */,
				5654F3A4215CF12B002B2651 /* IntentsUI.framework */,
			);
			name = Frameworks;
			sourceTree = "<group>";
		};
/* End PBXGroup section */

/* Begin PBXNativeTarget section */
		563FCCB6215CFDCF00EEA986 /* TestIntentssss */ = {
			isa = PBXNativeTarget;
			buildConfigurationList = 563FCCD2215CFDCF00EEA986 /* Build configuration list for PBXNativeTarget "TestIntentssss" */;
			buildPhases = (
				563FCCB3215CFDCF00EEA986 /* Sources */,
				563FCCB4215CFDCF00EEA986 /* Frameworks */,
				563FCCB5215CFDCF00EEA986 /* Resources */,
			);
			buildRules = (
			);
			dependencies = (
			);
			name = TestIntentssss;
			productName = TestIntentssss;
			productReference = 563FCCB7215CFDCF00EEA986 /* TestIntentssss.appex */;
			productType = "com.apple.product-type.app-extension";
		};
		563FCCBF215CFDCF00EEA986 /* TestIntentssssUI */ = {
			isa = PBXNativeTarget;
			buildConfigurationList = 563FCCCF215CFDCF00EEA986 /* Build configuration list for PBXNativeTarget "TestIntentssssUI" */;
			buildPhases = (
				563FCCBC215CFDCF00EEA986 /* Sources */,
				563FCCBD215CFDCF00EEA986 /* Frameworks */,
				563FCCBE215CFDCF00EEA986 /* Resources */,
			);
			buildRules = (
			);
			dependencies = (
			);
			name = TestIntentssssUI;
			productName = TestIntentssssUI;
			productReference = 563FCCC0215CFDCF00EEA986 /* TestIntentssssUI.appex */;
			productType = "com.apple.product-type.app-extension";
		};
		5654F37D215CF11A002B2651 /* maidongxi */ = {
			isa = PBXNativeTarget;
			buildConfigurationList = 5654F39B215CF11B002B2651 /* Build configuration list for PBXNativeTarget "maidongxi" */;
			buildPhases = (
				5654F37A215CF11A002B2651 /* Sources */,
				5654F37B215CF11A002B2651 /* Frameworks */,
				5654F37C215CF11A002B2651 /* Resources */,
				563FCCAB215CFD2000EEA986 /* Embed App Extensions */,
			);
			buildRules = (
			);
			dependencies = (
				563FCCCA215CFDCF00EEA986 /* PBXTargetDependency */,
				563FCCCD215CFDCF00EEA986 /* PBXTargetDependency */,
			);
			name = maidongxi;
			productName = maidongxi;
			productReference = 5654F37E215CF11A002B2651 /* maidongxi.app */;
			productType = "com.apple.product-type.application";
		};
		5654F391215CF11B002B2651 /* maidongxiTests */ = {
			isa = PBXNativeTarget;
			buildConfigurationList = 5654F39E215CF11B002B2651 /* Build configuration list for PBXNativeTarget "maidongxiTests" */;
			buildPhases = (
				5654F38E215CF11B002B2651 /* Sources */,
				5654F38F215CF11B002B2651 /* Frameworks */,
				5654F390215CF11B002B2651 /* Resources */,
			);
			buildRules = (
			);
			dependencies = (
				5654F394215CF11B002B2651 /* PBXTargetDependency */,
			);
			name = maidongxiTests;
			productName = maidongxiTests;
			productReference = 5654F392215CF11B002B2651 /* maidongxiTests.xctest */;
			productType = "com.apple.product-type.bundle.unit-test";
		};
/* End PBXNativeTarget section */

/* Begin PBXProject section */
		5654F376215CF11A002B2651 /* Project object */ = {
			isa = PBXProject;
			attributes = {
				LastSwiftUpdateCheck = 1000;
				LastUpgradeCheck = 1000;
				ORGANIZATIONNAME = Inspur;
				TargetAttributes = {
					563FCCB6215CFDCF00EEA986 = {
						CreatedOnToolsVersion = 10.0;
						LastSwiftMigration = 1000;
					};
					563FCCBF215CFDCF00EEA986 = {
						CreatedOnToolsVersion = 10.0;
						LastSwiftMigration = 1000;
					};
					5654F37D215CF11A002B2651 = {
						CreatedOnToolsVersion = 10.0;
						LastSwiftMigration = 1000;
						SystemCapabilities = {
							com.apple.Siri = {
								enabled = 1;
							};
						};
					};
					5654F391215CF11B002B2651 = {
						CreatedOnToolsVersion = 10.0;
						TestTargetID = 5654F37D215CF11A002B2651;
					};
				};
			};
			buildConfigurationList = 5654F379215CF11A002B2651 /* Build configuration list for PBXProject "maidongxi" */;
			compatibilityVersion = "Xcode 9.3";
			developmentRegion = en;
			hasScannedForEncodings = 0;
			knownRegions = (
				en,
				Base,
			);
			mainGroup = 5654F375215CF11A002B2651;
			productRefGroup = 5654F37F215CF11A002B2651 /* Products */;
			projectDirPath = "";
			projectRoot = "";
			targets = (
				5654F37D215CF11A002B2651 /* maidongxi */,
				5654F391215CF11B002B2651 /* maidongxiTests */,
				563FCCB6215CFDCF00EEA986 /* TestIntentssss */,
				563FCCBF215CFDCF00EEA986 /* TestIntentssssUI */,
			);
		};
/* End PBXProject section */

/* Begin PBXResourcesBuildPhase section */
		563FCCB5215CFDCF00EEA986 /* Resources */ = {
			isa = PBXResourcesBuildPhase;
			buildActionMask = 2147483647;
			files = (
			);
			runOnlyForDeploymentPostprocessing = 0;
		};
		563FCCBE215CFDCF00EEA986 /* Resources */ = {
			isa = PBXResourcesBuildPhase;
			buildActionMask = 2147483647;
			files = (
				563FCCC7215CFDCF00EEA986 /* MainInterface.storyboard in Resources */,
			);
			runOnlyForDeploymentPostprocessing = 0;
		};
		5654F37C215CF11A002B2651 /* Resources */ = {
			isa = PBXResourcesBuildPhase;
			buildActionMask = 2147483647;
			files = (
				5654F38C215CF11B002B2651 /* LaunchScreen.storyboard in Resources */,
				5654F389215CF11B002B2651 /* Assets.xcassets in Resources */,
				5654F387215CF11B002B2651 /* Main.storyboard in Resources */,
			);
			runOnlyForDeploymentPostprocessing = 0;
		};
		5654F390215CF11B002B2651 /* Resources */ = {
			isa = PBXResourcesBuildPhase;
			buildActionMask = 2147483647;
			files = (
			);
			runOnlyForDeploymentPostprocessing = 0;
		};
/* End PBXResourcesBuildPhase section */

/* Begin PBXSourcesBuildPhase section */
		563FCCB3215CFDCF00EEA986 /* Sources */ = {
			isa = PBXSourcesBuildPhase;
			buildActionMask = 2147483647;
			files = (
				563FCCDF215CFE9A00EEA986 /* Intents.intentdefinition in Sources */,
				563FCCDC215CFE1500EEA986 /* IntentProgressCenter.swift in Sources */,
				563FCCBA215CFDCF00EEA986 /* IntentHandler.swift in Sources */,
				563FCCDE215CFE5800EEA986 /* TestIntentHandle.swift in Sources */,
			);
			runOnlyForDeploymentPostprocessing = 0;
		};
		563FCCBC215CFDCF00EEA986 /* Sources */ = {
			isa = PBXSourcesBuildPhase;
			buildActionMask = 2147483647;
			files = (
				56189EF9215DBD500058A37C /* ConfirmViewController.swift in Sources */,
				563FCCC4215CFDCF00EEA986 /* IntentViewController.swift in Sources */,
			);
			runOnlyForDeploymentPostprocessing = 0;
		};
		5654F37A215CF11A002B2651 /* Sources */ = {
			isa = PBXSourcesBuildPhase;
			buildActionMask = 2147483647;
			files = (
				56189EF8215DBC980058A37C /* ConfirmViewController.swift in Sources */,
				563FCC97215CFCE900EEA986 /* Intents.intentdefinition in Sources */,
				56189EFC215DBDD00058A37C /* empty23.c in Sources */,
				563FCCB1215CFD4A00EEA986 /* IntentProgressCenter.swift in Sources */,
				5654F384215CF11B002B2651 /* ViewController.swift in Sources */,
				5654F382215CF11B002B2651 /* AppDelegate.swift in Sources */,
			);
			runOnlyForDeploymentPostprocessing = 0;
		};
		5654F38E215CF11B002B2651 /* Sources */ = {
			isa = PBXSourcesBuildPhase;
			buildActionMask = 2147483647;
			files = (
				5654F397215CF11B002B2651 /* maidongxiTests.swift in Sources */,
			);
			runOnlyForDeploymentPostprocessing = 0;
		};
/* End PBXSourcesBuildPhase section */

/* Begin PBXTargetDependency section */
		563FCCCA215CFDCF00EEA986 /* PBXTargetDependency */ = {
			isa = PBXTargetDependency;
			target = 563FCCBF215CFDCF00EEA986 /* TestIntentssssUI */;
			targetProxy = 563FCCC9215CFDCF00EEA986 /* PBXContainerItemProxy */;
		};
		563FCCCD215CFDCF00EEA986 /* PBXTargetDependency */ = {
			isa = PBXTargetDependency;
			target = 563FCCB6215CFDCF00EEA986 /* TestIntentssss */;
			targetProxy = 563FCCCC215CFDCF00EEA986 /* PBXContainerItemProxy */;
		};
		5654F394215CF11B002B2651 /* PBXTargetDependency */ = {
			isa = PBXTargetDependency;
			target = 5654F37D215CF11A002B2651 /* maidongxi */;
			targetProxy = 5654F393215CF11B002B2651 /* PBXContainerItemProxy */;
		};
/* End PBXTargetDependency section */

/* Begin PBXVariantGroup section */
		563FCCC5215CFDCF00EEA986 /* MainInterface.storyboard */ = {
			isa = PBXVariantGroup;
			children = (
				563FCCC6215CFDCF00EEA986 /* Base */,
			);
			name = MainInterface.storyboard;
			sourceTree = "<group>";
		};
		5654F385215CF11B002B2651 /* Main.storyboard */ = {
			isa = PBXVariantGroup;
			children = (
				5654F386215CF11B002B2651 /* Base */,
			);
			name = Main.storyboard;
			sourceTree = "<group>";
		};
		5654F38A215CF11B002B2651 /* LaunchScreen.storyboard */ = {
			isa = PBXVariantGroup;
			children = (
				5654F38B215CF11B002B2651 /* Base */,
			);
			name = LaunchScreen.storyboard;
			sourceTree = "<group>";
		};
/* End PBXVariantGroup section */

/* Begin XCBuildConfiguration section */
		563FCCD0215CFDCF00EEA986 /* Debug */ = {
			isa = XCBuildConfiguration;
			buildSettings = {
				APPLICATION_EXTENSION_API_ONLY = NO;
				CLANG_ENABLE_MODULES = YES;
				CODE_SIGN_STYLE = Automatic;
				DEVELOPMENT_TEAM = EJEV229UWS;
				INFOPLIST_FILE = TestIntentssssUI/Info.plist;
				LD_RUNPATH_SEARCH_PATHS = (
					"$(inherited)",
					"@executable_path/Frameworks",
					"@executable_path/../../Frameworks",
				);
				PRODUCT_BUNDLE_IDENTIFIER = com.Inspur.ii.maidongxi.TestIntentssssUI;
				PRODUCT_NAME = "$(TARGET_NAME)";
				SKIP_INSTALL = YES;
				SWIFT_OBJC_BRIDGING_HEADER = "TestIntentssssUI/TestIntentssssUI-Bridging-Header.h";
				SWIFT_OPTIMIZATION_LEVEL = "-Onone";
				SWIFT_VERSION = 4.2;
				TARGETED_DEVICE_FAMILY = "1,2";
			};
			name = Debug;
		};
		563FCCD1215CFDCF00EEA986 /* Release */ = {
			isa = XCBuildConfiguration;
			buildSettings = {
				APPLICATION_EXTENSION_API_ONLY = NO;
				CLANG_ENABLE_MODULES = YES;
				CODE_SIGN_STYLE = Automatic;
				DEVELOPMENT_TEAM = EJEV229UWS;
				INFOPLIST_FILE = TestIntentssssUI/Info.plist;
				LD_RUNPATH_SEARCH_PATHS = (
					"$(inherited)",
					"@executable_path/Frameworks",
					"@executable_path/../../Frameworks",
				);
				PRODUCT_BUNDLE_IDENTIFIER = com.Inspur.ii.maidongxi.TestIntentssssUI;
				PRODUCT_NAME = "$(TARGET_NAME)";
				SKIP_INSTALL = YES;
				SWIFT_OBJC_BRIDGING_HEADER = "TestIntentssssUI/TestIntentssssUI-Bridging-Header.h";
				SWIFT_VERSION = 4.2;
				TARGETED_DEVICE_FAMILY = "1,2";
			};
			name = Release;
		};
		563FCCD3215CFDCF00EEA986 /* Debug */ = {
			isa = XCBuildConfiguration;
			buildSettings = {
				APPLICATION_EXTENSION_API_ONLY = NO;
				CLANG_ENABLE_MODULES = YES;
				CODE_SIGN_STYLE = Automatic;
				DEVELOPMENT_TEAM = EJEV229UWS;
				INFOPLIST_FILE = TestIntentssss/Info.plist;
				LD_RUNPATH_SEARCH_PATHS = (
					"$(inherited)",
					"@executable_path/Frameworks",
					"@executable_path/../../Frameworks",
				);
				PRODUCT_BUNDLE_IDENTIFIER = com.Inspur.ii.maidongxi.TestIntentssss;
				PRODUCT_NAME = "$(TARGET_NAME)";
				SKIP_INSTALL = YES;
				SWIFT_OBJC_BRIDGING_HEADER = "TestIntentssss/TestIntentssss-Bridging-Header.h";
				SWIFT_OPTIMIZATION_LEVEL = "-Onone";
				SWIFT_VERSION = 4.2;
				TARGETED_DEVICE_FAMILY = "1,2";
			};
			name = Debug;
		};
		563FCCD4215CFDCF00EEA986 /* Release */ = {
			isa = XCBuildConfiguration;
			buildSettings = {
				APPLICATION_EXTENSION_API_ONLY = NO;
				CLANG_ENABLE_MODULES = YES;
				CODE_SIGN_STYLE = Automatic;
				DEVELOPMENT_TEAM = EJEV229UWS;
				INFOPLIST_FILE = TestIntentssss/Info.plist;
				LD_RUNPATH_SEARCH_PATHS = (
					"$(inherited)",
					"@executable_path/Frameworks",
					"@executable_path/../../Frameworks",
				);
				PRODUCT_BUNDLE_IDENTIFIER = com.Inspur.ii.maidongxi.TestIntentssss;
				PRODUCT_NAME = "$(TARGET_NAME)";
				SKIP_INSTALL = YES;
				SWIFT_OBJC_BRIDGING_HEADER = "TestIntentssss/TestIntentssss-Bridging-Header.h";
				SWIFT_VERSION = 4.2;
				TARGETED_DEVICE_FAMILY = "1,2";
			};
			name = Release;
		};
		5654F399215CF11B002B2651 /* Debug */ = {
			isa = XCBuildConfiguration;
			buildSettings = {
				ALWAYS_SEARCH_USER_PATHS = NO;
				CLANG_ANALYZER_NONNULL = YES;
				CLANG_ANALYZER_NUMBER_OBJECT_CONVERSION = YES_AGGRESSIVE;
				CLANG_CXX_LANGUAGE_STANDARD = "gnu++14";
				CLANG_CXX_LIBRARY = "libc++";
				CLANG_ENABLE_MODULES = YES;
				CLANG_ENABLE_OBJC_ARC = YES;
				CLANG_ENABLE_OBJC_WEAK = YES;
				CLANG_WARN_BLOCK_CAPTURE_AUTORELEASING = YES;
				CLANG_WARN_BOOL_CONVERSION = YES;
				CLANG_WARN_COMMA = YES;
				CLANG_WARN_CONSTANT_CONVERSION = YES;
				CLANG_WARN_DEPRECATED_OBJC_IMPLEMENTATIONS = YES;
				CLANG_WARN_DIRECT_OBJC_ISA_USAGE = YES_ERROR;
				CLANG_WARN_DOCUMENTATION_COMMENTS = YES;
				CLANG_WARN_EMPTY_BODY = YES;
				CLANG_WARN_ENUM_CONVERSION = YES;
				CLANG_WARN_INFINITE_RECURSION = YES;
				CLANG_WARN_INT_CONVERSION = YES;
				CLANG_WARN_NON_LITERAL_NULL_CONVERSION = YES;
				CLANG_WARN_OBJC_IMPLICIT_RETAIN_SELF = YES;
				CLANG_WARN_OBJC_LITERAL_CONVERSION = YES;
				CLANG_WARN_OBJC_ROOT_CLASS = YES_ERROR;
				CLANG_WARN_RANGE_LOOP_ANALYSIS = YES;
				CLANG_WARN_STRICT_PROTOTYPES = YES;
				CLANG_WARN_SUSPICIOUS_MOVE = YES;
				CLANG_WARN_UNGUARDED_AVAILABILITY = YES_AGGRESSIVE;
				CLANG_WARN_UNREACHABLE_CODE = YES;
				CLANG_WARN__DUPLICATE_METHOD_MATCH = YES;
				CODE_SIGN_IDENTITY = "iPhone Developer";
				COPY_PHASE_STRIP = NO;
				DEBUG_INFORMATION_FORMAT = dwarf;
				ENABLE_STRICT_OBJC_MSGSEND = YES;
				ENABLE_TESTABILITY = YES;
				GCC_C_LANGUAGE_STANDARD = gnu11;
				GCC_DYNAMIC_NO_PIC = NO;
				GCC_NO_COMMON_BLOCKS = YES;
				GCC_OPTIMIZATION_LEVEL = 0;
				GCC_PREPROCESSOR_DEFINITIONS = (
					"DEBUG=1",
					"$(inherited)",
				);
				GCC_WARN_64_TO_32_BIT_CONVERSION = YES;
				GCC_WARN_ABOUT_RETURN_TYPE = YES_ERROR;
				GCC_WARN_UNDECLARED_SELECTOR = YES;
				GCC_WARN_UNINITIALIZED_AUTOS = YES_AGGRESSIVE;
				GCC_WARN_UNUSED_FUNCTION = YES;
				GCC_WARN_UNUSED_VARIABLE = YES;
				IPHONEOS_DEPLOYMENT_TARGET = 12.0;
				MTL_ENABLE_DEBUG_INFO = INCLUDE_SOURCE;
				MTL_FAST_MATH = YES;
				ONLY_ACTIVE_ARCH = YES;
				SDKROOT = iphoneos;
				SWIFT_ACTIVE_COMPILATION_CONDITIONS = DEBUG;
				SWIFT_OPTIMIZATION_LEVEL = "-Onone";
			};
			name = Debug;
		};
		5654F39A215CF11B002B2651 /* Release */ = {
			isa = XCBuildConfiguration;
			buildSettings = {
				ALWAYS_SEARCH_USER_PATHS = NO;
				CLANG_ANALYZER_NONNULL = YES;
				CLANG_ANALYZER_NUMBER_OBJECT_CONVERSION = YES_AGGRESSIVE;
				CLANG_CXX_LANGUAGE_STANDARD = "gnu++14";
				CLANG_CXX_LIBRARY = "libc++";
				CLANG_ENABLE_MODULES = YES;
				CLANG_ENABLE_OBJC_ARC = YES;
				CLANG_ENABLE_OBJC_WEAK = YES;
				CLANG_WARN_BLOCK_CAPTURE_AUTORELEASING = YES;
				CLANG_WARN_BOOL_CONVERSION = YES;
				CLANG_WARN_COMMA = YES;
				CLANG_WARN_CONSTANT_CONVERSION = YES;
				CLANG_WARN_DEPRECATED_OBJC_IMPLEMENTATIONS = YES;
				CLANG_WARN_DIRECT_OBJC_ISA_USAGE = YES_ERROR;
				CLANG_WARN_DOCUMENTATION_COMMENTS = YES;
				CLANG_WARN_EMPTY_BODY = YES;
				CLANG_WARN_ENUM_CONVERSION = YES;
				CLANG_WARN_INFINITE_RECURSION = YES;
				CLANG_WARN_INT_CONVERSION = YES;
				CLANG_WARN_NON_LITERAL_NULL_CONVERSION = YES;
				CLANG_WARN_OBJC_IMPLICIT_RETAIN_SELF = YES;
				CLANG_WARN_OBJC_LITERAL_CONVERSION = YES;
				CLANG_WARN_OBJC_ROOT_CLASS = YES_ERROR;
				CLANG_WARN_RANGE_LOOP_ANALYSIS = YES;
				CLANG_WARN_STRICT_PROTOTYPES = YES;
				CLANG_WARN_SUSPICIOUS_MOVE = YES;
				CLANG_WARN_UNGUARDED_AVAILABILITY = YES_AGGRESSIVE;
				CLANG_WARN_UNREACHABLE_CODE = YES;
				CLANG_WARN__DUPLICATE_METHOD_MATCH = YES;
				CODE_SIGN_IDENTITY = "iPhone Developer";
				COPY_PHASE_STRIP = NO;
				DEBUG_INFORMATION_FORMAT = "dwarf-with-dsym";
				ENABLE_NS_ASSERTIONS = NO;
				ENABLE_STRICT_OBJC_MSGSEND = YES;
				GCC_C_LANGUAGE_STANDARD = gnu11;
				GCC_NO_COMMON_BLOCKS = YES;
				GCC_WARN_64_TO_32_BIT_CONVERSION = YES;
				GCC_WARN_ABOUT_RETURN_TYPE = YES_ERROR;
				GCC_WARN_UNDECLARED_SELECTOR = YES;
				GCC_WARN_UNINITIALIZED_AUTOS = YES_AGGRESSIVE;
				GCC_WARN_UNUSED_FUNCTION = YES;
				GCC_WARN_UNUSED_VARIABLE = YES;
				IPHONEOS_DEPLOYMENT_TARGET = 12.0;
				MTL_ENABLE_DEBUG_INFO = NO;
				MTL_FAST_MATH = YES;
				SDKROOT = iphoneos;
				SWIFT_COMPILATION_MODE = wholemodule;
				SWIFT_OPTIMIZATION_LEVEL = "-O";
				VALIDATE_PRODUCT = YES;
			};
			name = Release;
		};
		5654F39C215CF11B002B2651 /* Debug */ = {
			isa = XCBuildConfiguration;
			buildSettings = {
				ALWAYS_EMBED_SWIFT_STANDARD_LIBRARIES = YES;
				APPLICATION_EXTENSION_API_ONLY = NO;
				ASSETCATALOG_COMPILER_APPICON_NAME = AppIcon;
				CLANG_ENABLE_MODULES = YES;
				CODE_SIGN_ENTITLEMENTS = maidongxi/maidongxi.entitlements;
				CODE_SIGN_STYLE = Automatic;
				DEVELOPMENT_TEAM = EJEV229UWS;
				INFOPLIST_FILE = maidongxi/Info.plist;
				LD_RUNPATH_SEARCH_PATHS = (
					"$(inherited)",
					"@executable_path/Frameworks",
				);
				PRODUCT_BUNDLE_IDENTIFIER = com.Inspur.ii.maidongxi;
				PRODUCT_NAME = "$(TARGET_NAME)";
				SWIFT_OBJC_BRIDGING_HEADER = "maidongxi/maidongxi-Bridging-Header.h";
				SWIFT_OPTIMIZATION_LEVEL = "-Onone";
				SWIFT_VERSION = 4.2;
				TARGETED_DEVICE_FAMILY = "1,2";
			};
			name = Debug;
		};
		5654F39D215CF11B002B2651 /* Release */ = {
			isa = XCBuildConfiguration;
			buildSettings = {
				ALWAYS_EMBED_SWIFT_STANDARD_LIBRARIES = YES;
				APPLICATION_EXTENSION_API_ONLY = NO;
				ASSETCATALOG_COMPILER_APPICON_NAME = AppIcon;
				CLANG_ENABLE_MODULES = YES;
				CODE_SIGN_ENTITLEMENTS = maidongxi/maidongxi.entitlements;
				CODE_SIGN_STYLE = Automatic;
				DEVELOPMENT_TEAM = EJEV229UWS;
				INFOPLIST_FILE = maidongxi/Info.plist;
				LD_RUNPATH_SEARCH_PATHS = (
					"$(inherited)",
					"@executable_path/Frameworks",
				);
				PRODUCT_BUNDLE_IDENTIFIER = com.Inspur.ii.maidongxi;
				PRODUCT_NAME = "$(TARGET_NAME)";
				SWIFT_OBJC_BRIDGING_HEADER = "maidongxi/maidongxi-Bridging-Header.h";
				SWIFT_VERSION = 4.2;
				TARGETED_DEVICE_FAMILY = "1,2";
			};
			name = Release;
		};
		5654F39F215CF11B002B2651 /* Debug */ = {
			isa = XCBuildConfiguration;
			buildSettings = {
				ALWAYS_EMBED_SWIFT_STANDARD_LIBRARIES = YES;
				BUNDLE_LOADER = "$(TEST_HOST)";
				CODE_SIGN_STYLE = Automatic;
				DEVELOPMENT_TEAM = EJEV229UWS;
				INFOPLIST_FILE = maidongxiTests/Info.plist;
				LD_RUNPATH_SEARCH_PATHS = (
					"$(inherited)",
					"@executable_path/Frameworks",
					"@loader_path/Frameworks",
				);
				PRODUCT_BUNDLE_IDENTIFIER = com.Inspur.ii.maidongxiTests;
				PRODUCT_NAME = "$(TARGET_NAME)";
				SWIFT_VERSION = 4.2;
				TARGETED_DEVICE_FAMILY = "1,2";
				TEST_HOST = "$(BUILT_PRODUCTS_DIR)/maidongxi.app/maidongxi";
			};
			name = Debug;
		};
		5654F3A0215CF11B002B2651 /* Release */ = {
			isa = XCBuildConfiguration;
			buildSettings = {
				ALWAYS_EMBED_SWIFT_STANDARD_LIBRARIES = YES;
				BUNDLE_LOADER = "$(TEST_HOST)";
				CODE_SIGN_STYLE = Automatic;
				DEVELOPMENT_TEAM = EJEV229UWS;
				INFOPLIST_FILE = maidongxiTests/Info.plist;
				LD_RUNPATH_SEARCH_PATHS = (
					"$(inherited)",
					"@executable_path/Frameworks",
					"@loader_path/Frameworks",
				);
				PRODUCT_BUNDLE_IDENTIFIER = com.Inspur.ii.maidongxiTests;
				PRODUCT_NAME = "$(TARGET_NAME)";
				SWIFT_VERSION = 4.2;
				TARGETED_DEVICE_FAMILY = "1,2";
				TEST_HOST = "$(BUILT_PRODUCTS_DIR)/maidongxi.app/maidongxi";
			};
			name = Release;
		};
/* End XCBuildConfiguration section */

/* Begin XCConfigurationList section */
		563FCCCF215CFDCF00EEA986 /* Build configuration list for PBXNativeTarget "TestIntentssssUI" */ = {
			isa = XCConfigurationList;
			buildConfigurations = (
				563FCCD0215CFDCF00EEA986 /* Debug */,
				563FCCD1215CFDCF00EEA986 /* Release */,
			);
			defaultConfigurationIsVisible = 0;
			defaultConfigurationName = Release;
		};
		563FCCD2215CFDCF00EEA986 /* Build configuration list for PBXNativeTarget "TestIntentssss" */ = {
			isa = XCConfigurationList;
			buildConfigurations = (
				563FCCD3215CFDCF00EEA986 /* Debug */,
				563FCCD4215CFDCF00EEA986 /* Release */,
			);
			defaultConfigurationIsVisible = 0;
			defaultConfigurationName = Release;
		};
		5654F379215CF11A002B2651 /* Build configuration list for PBXProject "maidongxi" */ = {
			isa = XCConfigurationList;
			buildConfigurations = (
				5654F399215CF11B002B2651 /* Debug */,
				5654F39A215CF11B002B2651 /* Release */,
			);
			defaultConfigurationIsVisible = 0;
			defaultConfigurationName = Release;
		};
		5654F39B215CF11B002B2651 /* Build configuration list for PBXNativeTarget "maidongxi" */ = {
			isa = XCConfigurationList;
			buildConfigurations = (
				5654F39C215CF11B002B2651 /* Debug */,
				5654F39D215CF11B002B2651 /* Release */,
			);
			defaultConfigurationIsVisible = 0;
			defaultConfigurationName = Release;
		};
		5654F39E215CF11B002B2651 /* Build configuration list for PBXNativeTarget "maidongxiTests" */ = {
			isa = XCConfigurationList;
			buildConfigurations = (
				5654F39F215CF11B002B2651 /* Debug */,
				5654F3A0215CF11B002B2651 /* Release */,
			);
			defaultConfigurationIsVisible = 0;
			defaultConfigurationName = Release;
		};
/* End XCConfigurationList section */
	};
	rootObject = 5654F376215CF11A002B2651 /* Project object */;
}
